
Microsoft Visual Studio Solution File, Format Version 12.00
# Visual Studio Version 17
VisualStudioVersion = 17.8.34330.188
MinimumVisualStudioVersion = 10.0.40219.1
Project("{FAE04EC0-301F-11D3-BF4B-00C04F79EFBC}") = "Discussion", "Discussion\Discussion.csproj", "{5EA2714E-ED3A-4149-B219-EA7A59DA3E19}"
EndProject
Global
	GlobalSection(SolutionConfigurationPlatforms) = preSolution
		Debug|Any CPU = Debug|Any CPU
		Release|Any CPU = Release|Any CPU
	EndGlobalSection
	GlobalSection(ProjectConfigurationPlatforms) = postSolution
		{5EA2714E-ED3A-4149-B219-EA7A59DA3E19}.Debug|Any CPU.ActiveCfg = Debug|Any CPU
		{5EA2714E-ED3A-4149-B219-EA7A59DA3E19}.Debug|Any CPU.Build.0 = Debug|Any CPU
		{5EA2714E-ED3A-4149-B219-EA7A59DA3E19}.Release|Any CPU.ActiveCfg = Release|Any CPU
		{5EA2714E-ED3A-4149-B219-EA7A59DA3E19}.Release|Any CPU.Build.0 = Release|Any CPU
	EndGlobalSection
	GlobalSection(SolutionProperties) = preSolution
		HideSolutionNode = FALSE
	EndGlobalSection
	GlobalSection(ExtensibilityGlobals) = postSolution
		SolutionGuid = {B8CDD82A-A2A7-4A6C-9B53-126AA74D005A}
	EndGlobalSection
EndGlobal
